
Microsoft Visual Studio Solution File, Format Version 12.00
# Visual Studio Version 16
VisualStudioVersion = 16.0.31702.278
MinimumVisualStudioVersion = 10.0.40219.1
Project("{FAE04EC0-301F-11D3-BF4B-00C04F79EFBC}") = "CPT_Sutures", "CPT_Sutures\CPT_Sutures.csproj", "{855B8796-8638-4D2C-AE51-A248C85C8660}"
EndProject
Global
	GlobalSection(SolutionConfigurationPlatforms) = preSolution
		Debug|Any CPU = Debug|Any CPU
		Release|Any CPU = Release|Any CPU
	EndGlobalSection
	GlobalSection(ProjectConfigurationPlatforms) = postSolution
		{855B8796-8638-4D2C-AE51-A248C85C8660}.Debug|Any CPU.ActiveCfg = Debug|Any CPU
		{855B8796-8638-4D2C-AE51-A248C85C8660}.Debug|Any CPU.Build.0 = Debug|Any CPU
		{855B8796-8638-4D2C-AE51-A248C85C8660}.Release|Any CPU.ActiveCfg = Release|Any CPU
		{855B8796-8638-4D2C-AE51-A248C85C8660}.Release|Any CPU.Build.0 = Release|Any CPU
	EndGlobalSection
	GlobalSection(SolutionProperties) = preSolution
		HideSolutionNode = FALSE
	EndGlobalSection
	GlobalSection(ExtensibilityGlobals) = postSolution
		SolutionGuid = {DCD6AF58-0F57-4402-B85E-531C22E74CD5}
	EndGlobalSection
EndGlobal
